// !$*UTF8*$!
{
	archiveVersion = 1;
	classes = {
	};
	objectVersion = 50;
	objects = {

/* Begin PBXBuildFile section */
		37F8D396228FF41200A3009A /* AppDelegate.swift in Sources */ = {isa = PBXBuildFile; fileRef = 37F8D395228FF41200A3009A /* AppDelegate.swift */; };
		37F8D398228FF41200A3009A /* StarSearch.swift in Sources */ = {isa = PBXBuildFile; fileRef = 37F8D397228FF41200A3009A /* StarSearch.swift */; };
		37F8D39B228FF41200A3009A /* Main.storyboard in Resources */ = {isa = PBXBuildFile; fileRef = 37F8D399228FF41200A3009A /* Main.storyboard */; };
		37F8D39D228FF41300A3009A /* Assets.xcassets in Resources */ = {isa = PBXBuildFile; fileRef = 37F8D39C228FF41300A3009A /* Assets.xcassets */; };
		37F8D3A0228FF41300A3009A /* LaunchScreen.storyboard in Resources */ = {isa = PBXBuildFile; fileRef = 37F8D39E228FF41300A3009A /* LaunchScreen.storyboard */; };
		37F8D3A82290095800A3009A /* SearchContentTVC.swift in Sources */ = {isa = PBXBuildFile; fileRef = 37F8D3A72290095800A3009A /* SearchContentTVC.swift */; };
		37F8D3AC22900DB200A3009A /* Searchcontent.swift in Sources */ = {isa = PBXBuildFile; fileRef = 37F8D3AB22900DB200A3009A /* Searchcontent.swift */; };
		37F8D3AE2290364900A3009A /* SearchContentCell.swift in Sources */ = {isa = PBXBuildFile; fileRef = 37F8D3AD2290364900A3009A /* SearchContentCell.swift */; };
		37F8D3B022903E9000A3009A /* ALLInMap.swift in Sources */ = {isa = PBXBuildFile; fileRef = 37F8D3AF22903E9000A3009A /* ALLInMap.swift */; };
		37F8D3B2229046FA00A3009A /* ViewResult.swift in Sources */ = {isa = PBXBuildFile; fileRef = 37F8D3B1229046FA00A3009A /* ViewResult.swift */; };
/* End PBXBuildFile section */

/* Begin PBXFileReference section */
		37F8D392228FF41200A3009A /* textUrlSe.app */ = {isa = PBXFileReference; explicitFileType = wrapper.application; includeInIndex = 0; path = textUrlSe.app; sourceTree = BUILT_PRODUCTS_DIR; };
		37F8D395228FF41200A3009A /* AppDelegate.swift */ = {isa = PBXFileReference; lastKnownFileType = sourcecode.swift; path = AppDelegate.swift; sourceTree = "<group>"; };
		37F8D397228FF41200A3009A /* StarSearch.swift */ = {isa = PBXFileReference; lastKnownFileType = sourcecode.swift; path = StarSearch.swift; sourceTree = "<group>"; };
		37F8D39A228FF41200A3009A /* Base */ = {isa = PBXFileReference; lastKnownFileType = file.storyboard; name = Base; path = Base.lproj/Main.storyboard; sourceTree = "<group>"; };
		37F8D39C228FF41300A3009A /* Assets.xcassets */ = {isa = PBXFileReference; lastKnownFileType = folder.assetcatalog; path = Assets.xcassets; sourceTree = "<group>"; };
		37F8D39F228FF41300A3009A /* Base */ = {isa = PBXFileReference; lastKnownFileType = file.storyboard; name = Base; path = Base.lproj/LaunchScreen.storyboard; sourceTree = "<group>"; };
		37F8D3A1228FF41300A3009A /* Info.plist */ = {isa = PBXFileReference; lastKnownFileType = text.plist.xml; path = Info.plist; sourceTree = "<group>"; };
		37F8D3A72290095800A3009A /* SearchContentTVC.swift */ = {isa = PBXFileReference; lastKnownFileType = sourcecode.swift; path = SearchContentTVC.swift; sourceTree = "<group>"; };
		37F8D3AB22900DB200A3009A /* Searchcontent.swift */ = {isa = PBXFileReference; lastKnownFileType = sourcecode.swift; path = Searchcontent.swift; sourceTree = "<group>"; };
		37F8D3AD2290364900A3009A /* SearchContentCell.swift */ = {isa = PBXFileReference; lastKnownFileType = sourcecode.swift; path = SearchContentCell.swift; sourceTree = "<group>"; };
		37F8D3AF22903E9000A3009A /* ALLInMap.swift */ = {isa = PBXFileReference; lastKnownFileType = sourcecode.swift; path = ALLInMap.swift; sourceTree = "<group>"; };
		37F8D3B1229046FA00A3009A /* ViewResult.swift */ = {isa = PBXFileReference; lastKnownFileType = sourcecode.swift; path = ViewResult.swift; sourceTree = "<group>"; };
/* End PBXFileReference section */

/* Begin PBXFrameworksBuildPhase section */
		37F8D38F228FF41200A3009A /* Frameworks */ = {
			isa = PBXFrameworksBuildPhase;
			buildActionMask = 2147483647;
			files = (
			);
			runOnlyForDeploymentPostprocessing = 0;
		};
/* End PBXFrameworksBuildPhase section */

/* Begin PBXGroup section */
		37F8D389228FF41200A3009A = {
			isa = PBXGroup;
			children = (
				37F8D394228FF41200A3009A /* textUrlSe */,
				37F8D393228FF41200A3009A /* Products */,
			);
			sourceTree = "<group>";
		};
		37F8D393228FF41200A3009A /* Products */ = {
			isa = PBXGroup;
			children = (
				37F8D392228FF41200A3009A /* textUrlSe.app */,
			);
			name = Products;
			sourceTree = "<group>";
		};
		37F8D394228FF41200A3009A /* textUrlSe */ = {
			isa = PBXGroup;
			children = (
				37F8D395228FF41200A3009A /* AppDelegate.swift */,
				37F8D399228FF41200A3009A /* Main.storyboard */,
				37F8D39C228FF41300A3009A /* Assets.xcassets */,
				37F8D39E228FF41300A3009A /* LaunchScreen.storyboard */,
				37F8D3A1228FF41300A3009A /* Info.plist */,
				37F8D397228FF41200A3009A /* StarSearch.swift */,
				37F8D3A72290095800A3009A /* SearchContentTVC.swift */,
				37F8D3AD2290364900A3009A /* SearchContentCell.swift */,
				37F8D3AB22900DB200A3009A /* Searchcontent.swift */,
				37F8D3AF22903E9000A3009A /* ALLInMap.swift */,
				37F8D3B1229046FA00A3009A /* ViewResult.swift */,
			);
			path = textUrlSe;
			sourceTree = "<group>";
		};
/* End PBXGroup section */

/* Begin PBXNativeTarget section */
		37F8D391228FF41200A3009A /* textUrlSe */ = {
			isa = PBXNativeTarget;
			buildConfigurationList = 37F8D3A4228FF41300A3009A /* Build configuration list for PBXNativeTarget "textUrlSe" */;
			buildPhases = (
				37F8D38E228FF41200A3009A /* Sources */,
				37F8D38F228FF41200A3009A /* Frameworks */,
				37F8D390228FF41200A3009A /* Resources */,
			);
			buildRules = (
			);
			dependencies = (
			);
			name = textUrlSe;
			productName = textUrlSe;
			productReference = 37F8D392228FF41200A3009A /* textUrlSe.app */;
			productType = "com.apple.product-type.application";
		};
/* End PBXNativeTarget section */

/* Begin PBXProject section */
		37F8D38A228FF41200A3009A /* Project object */ = {
			isa = PBXProject;
			attributes = {
				LastSwiftUpdateCheck = 1020;
				LastUpgradeCheck = 1020;
				ORGANIZATIONNAME = "Chang Yu Wei";
				TargetAttributes = {
					37F8D391228FF41200A3009A = {
						CreatedOnToolsVersion = 10.2;
					};
				};
			};
			buildConfigurationList = 37F8D38D228FF41200A3009A /* Build configuration list for PBXProject "textUrlSe" */;
			compatibilityVersion = "Xcode 9.3";
			developmentRegion = en;
			hasScannedForEncodings = 0;
			knownRegions = (
				en,
				Base,
			);
			mainGroup = 37F8D389228FF41200A3009A;
			productRefGroup = 37F8D393228FF41200A3009A /* Products */;
			projectDirPath = "";
			projectRoot = "";
			targets = (
				37F8D391228FF41200A3009A /* textUrlSe */,
			);
		};
/* End PBXProject section */

/* Begin PBXResourcesBuildPhase section */
		37F8D390228FF41200A3009A /* Resources */ = {
			isa = PBXResourcesBuildPhase;
			buildActionMask = 2147483647;
			files = (
				37F8D3A0228FF41300A3009A /* LaunchScreen.storyboard in Resources */,
				37F8D39D228FF41300A3009A /* Assets.xcassets in Resources */,
				37F8D39B228FF41200A3009A /* Main.storyboard in Resources */,
			);
			runOnlyForDeploymentPostprocessing = 0;
		};
/* End PBXResourcesBuildPhase section */

/* Begin PBXSourcesBuildPhase section */
		37F8D38E228FF41200A3009A /* Sources */ = {
			isa = PBXSourcesBuildPhase;
			buildActionMask = 2147483647;
			files = (
				37F8D3AE2290364900A3009A /* SearchContentCell.swift in Sources */,
				37F8D3B022903E9000A3009A /* ALLInMap.swift in Sources */,
				37F8D3B2229046FA00A3009A /* ViewResult.swift in Sources */,
				37F8D398228FF41200A3009A /* StarSearch.swift in Sources */,
				37F8D3A82290095800A3009A /* SearchContentTVC.swift in Sources */,
				37F8D396228FF41200A3009A /* AppDelegate.swift in Sources */,
				37F8D3AC22900DB200A3009A /* Searchcontent.swift in Sources */,
			);
			runOnlyForDeploymentPostprocessing = 0;
		};
/* End PBXSourcesBuildPhase section */

/* Begin PBXVariantGroup section */
		37F8D399228FF41200A3009A /* Main.storyboard */ = {
			isa = PBXVariantGroup;
			children = (
				37F8D39A228FF41200A3009A /* Base */,
			);
			name = Main.storyboard;
			sourceTree = "<group>";
		};
		37F8D39E228FF41300A3009A /* LaunchScreen.storyboard */ = {
			isa = PBXVariantGroup;
			children = (
				37F8D39F228FF41300A3009A /* Base */,
			);
			name = LaunchScreen.storyboard;
			sourceTree = "<group>";
		};
/* End PBXVariantGroup section */

/* Begin XCBuildConfiguration section */
		37F8D3A2228FF41300A3009A /* Debug */ = {
			isa = XCBuildConfiguration;
			buildSettings = {
				ALWAYS_SEARCH_USER_PATHS = NO;
				CLANG_ANALYZER_NONNULL = YES;
				CLANG_ANALYZER_NUMBER_OBJECT_CONVERSION = YES_AGGRESSIVE;
				CLANG_CXX_LANGUAGE_STANDARD = "gnu++14";
				CLANG_CXX_LIBRARY = "libc++";
				CLANG_ENABLE_MODULES = YES;
				CLANG_ENABLE_OBJC_ARC = YES;
				CLANG_ENABLE_OBJC_WEAK = YES;
				CLANG_WARN_BLOCK_CAPTURE_AUTORELEASING = YES;
				CLANG_WARN_BOOL_CONVERSION = YES;
				CLANG_WARN_COMMA = YES;
				CLANG_WARN_CONSTANT_CONVERSION = YES;
				CLANG_WARN_DEPRECATED_OBJC_IMPLEMENTATIONS = YES;
				CLANG_WARN_DIRECT_OBJC_ISA_USAGE = YES_ERROR;
				CLANG_WARN_DOCUMENTATION_COMMENTS = YES;
				CLANG_WARN_EMPTY_BODY = YES;
				CLANG_WARN_ENUM_CONVERSION = YES;
				CLANG_WARN_INFINITE_RECURSION = YES;
				CLANG_WARN_INT_CONVERSION = YES;
				CLANG_WARN_NON_LITERAL_NULL_CONVERSION = YES;
				CLANG_WARN_OBJC_IMPLICIT_RETAIN_SELF = YES;
				CLANG_WARN_OBJC_LITERAL_CONVERSION = YES;
				CLANG_WARN_OBJC_ROOT_CLASS = YES_ERROR;
				CLANG_WARN_RANGE_LOOP_ANALYSIS = YES;
				CLANG_WARN_STRICT_PROTOTYPES = YES;
				CLANG_WARN_SUSPICIOUS_MOVE = YES;
				CLANG_WARN_UNGUARDED_AVAILABILITY = YES_AGGRESSIVE;
				CLANG_WARN_UNREACHABLE_CODE = YES;
				CLANG_WARN__DUPLICATE_METHOD_MATCH = YES;
				CODE_SIGN_IDENTITY = "iPhone Developer";
				COPY_PHASE_STRIP = NO;
				DEBUG_INFORMATION_FORMAT = dwarf;
				ENABLE_STRICT_OBJC_MSGSEND = YES;
				ENABLE_TESTABILITY = YES;
				GCC_C_LANGUAGE_STANDARD = gnu11;
				GCC_DYNAMIC_NO_PIC = NO;
				GCC_NO_COMMON_BLOCKS = YES;
				GCC_OPTIMIZATION_LEVEL = 0;
				GCC_PREPROCESSOR_DEFINITIONS = (
					"DEBUG=1",
					"$(inherited)",
				);
				GCC_WARN_64_TO_32_BIT_CONVERSION = YES;
				GCC_WARN_ABOUT_RETURN_TYPE = YES_ERROR;
				GCC_WARN_UNDECLARED_SELECTOR = YES;
				GCC_WARN_UNINITIALIZED_AUTOS = YES_AGGRESSIVE;
				GCC_WARN_UNUSED_FUNCTION = YES;
				GCC_WARN_UNUSED_VARIABLE = YES;
				IPHONEOS_DEPLOYMENT_TARGET = 12.2;
				MTL_ENABLE_DEBUG_INFO = INCLUDE_SOURCE;
				MTL_FAST_MATH = YES;
				ONLY_ACTIVE_ARCH = YES;
				SDKROOT = iphoneos;
				SWIFT_ACTIVE_COMPILATION_CONDITIONS = DEBUG;
				SWIFT_OPTIMIZATION_LEVEL = "-Onone";
			};
			name = Debug;
		};
		37F8D3A3228FF41300A3009A /* Release */ = {
			isa = XCBuildConfiguration;
			buildSettings = {
				ALWAYS_SEARCH_USER_PATHS = NO;
				CLANG_ANALYZER_NONNULL = YES;
				CLANG_ANALYZER_NUMBER_OBJECT_CONVERSION = YES_AGGRESSIVE;
				CLANG_CXX_LANGUAGE_STANDARD = "gnu++14";
				CLANG_CXX_LIBRARY = "libc++";
				CLANG_ENABLE_MODULES = YES;
				CLANG_ENABLE_OBJC_ARC = YES;
				CLANG_ENABLE_OBJC_WEAK = YES;
				CLANG_WARN_BLOCK_CAPTURE_AUTORELEASING = YES;
				CLANG_WARN_BOOL_CONVERSION = YES;
				CLANG_WARN_COMMA = YES;
				CLANG_WARN_CONSTANT_CONVERSION = YES;
				CLANG_WARN_DEPRECATED_OBJC_IMPLEMENTATIONS = YES;
				CLANG_WARN_DIRECT_OBJC_ISA_USAGE = YES_ERROR;
				CLANG_WARN_DOCUMENTATION_COMMENTS = YES;
				CLANG_WARN_EMPTY_BODY = YES;
				CLANG_WARN_ENUM_CONVERSION = YES;
				CLANG_WARN_INFINITE_RECURSION = YES;
				CLANG_WARN_INT_CONVERSION = YES;
				CLANG_WARN_NON_LITERAL_NULL_CONVERSION = YES;
				CLANG_WARN_OBJC_IMPLICIT_RETAIN_SELF = YES;
				CLANG_WARN_OBJC_LITERAL_CONVERSION = YES;
				CLANG_WARN_OBJC_ROOT_CLASS = YES_ERROR;
				CLANG_WARN_RANGE_LOOP_ANALYSIS = YES;
				CLANG_WARN_STRICT_PROTOTYPES = YES;
				CLANG_WARN_SUSPICIOUS_MOVE = YES;
				CLANG_WARN_UNGUARDED_AVAILABILITY = YES_AGGRESSIVE;
				CLANG_WARN_UNREACHABLE_CODE = YES;
				CLANG_WARN__DUPLICATE_METHOD_MATCH = YES;
				CODE_SIGN_IDENTITY = "iPhone Developer";
				COPY_PHASE_STRIP = NO;
				DEBUG_INFORMATION_FORMAT = "dwarf-with-dsym";
				ENABLE_NS_ASSERTIONS = NO;
				ENABLE_STRICT_OBJC_MSGSEND = YES;
				GCC_C_LANGUAGE_STANDARD = gnu11;
				GCC_NO_COMMON_BLOCKS = YES;
				GCC_WARN_64_TO_32_BIT_CONVERSION = YES;
				GCC_WARN_ABOUT_RETURN_TYPE = YES_ERROR;
				GCC_WARN_UNDECLARED_SELECTOR = YES;
				GCC_WARN_UNINITIALIZED_AUTOS = YES_AGGRESSIVE;
				GCC_WARN_UNUSED_FUNCTION = YES;
				GCC_WARN_UNUSED_VARIABLE = YES;
				IPHONEOS_DEPLOYMENT_TARGET = 12.2;
				MTL_ENABLE_DEBUG_INFO = NO;
				MTL_FAST_MATH = YES;
				SDKROOT = iphoneos;
				SWIFT_COMPILATION_MODE = wholemodule;
				SWIFT_OPTIMIZATION_LEVEL = "-O";
				VALIDATE_PRODUCT = YES;
			};
			name = Release;
		};
		37F8D3A5228FF41300A3009A /* Debug */ = {
			isa = XCBuildConfiguration;
			buildSettings = {
				ASSETCATALOG_COMPILER_APPICON_NAME = AppIcon;
				CODE_SIGN_STYLE = Automatic;
				INFOPLIST_FILE = textUrlSe/Info.plist;
				LD_RUNPATH_SEARCH_PATHS = (
					"$(inherited)",
					"@executable_path/Frameworks",
				);
				PRODUCT_BUNDLE_IDENTIFIER = Ray.com.textUrlSe;
				PRODUCT_NAME = "$(TARGET_NAME)";
				SWIFT_VERSION = 5.0;
				TARGETED_DEVICE_FAMILY = "1,2";
			};
			name = Debug;
		};
		37F8D3A6228FF41300A3009A /* Release */ = {
			isa = XCBuildConfiguration;
			buildSettings = {
				ASSETCATALOG_COMPILER_APPICON_NAME = AppIcon;
				CODE_SIGN_STYLE = Automatic;
				INFOPLIST_FILE = textUrlSe/Info.plist;
				LD_RUNPATH_SEARCH_PATHS = (
					"$(inherited)",
					"@executable_path/Frameworks",
				);
				PRODUCT_BUNDLE_IDENTIFIER = Ray.com.textUrlSe;
				PRODUCT_NAME = "$(TARGET_NAME)";
				SWIFT_VERSION = 5.0;
				TARGETED_DEVICE_FAMILY = "1,2";
			};
			name = Release;
		};
/* End XCBuildConfiguration section */

/* Begin XCConfigurationList section */
		37F8D38D228FF41200A3009A /* Build configuration list for PBXProject "textUrlSe" */ = {
			isa = XCConfigurationList;
			buildConfigurations = (
				37F8D3A2228FF41300A3009A /* Debug */,
				37F8D3A3228FF41300A3009A /* Release */,
			);
			defaultConfigurationIsVisible = 0;
			defaultConfigurationName = Release;
		};
		37F8D3A4228FF41300A3009A /* Build configuration list for PBXNativeTarget "textUrlSe" */ = {
			isa = XCConfigurationList;
			buildConfigurations = (
				37F8D3A5228FF41300A3009A /* Debug */,
				37F8D3A6228FF41300A3009A /* Release */,
			);
			defaultConfigurationIsVisible = 0;
			defaultConfigurationName = Release;
		};
/* End XCConfigurationList section */
	};
	rootObject = 37F8D38A228FF41200A3009A /* Project object */;
}
